hash: a5a560c32addf1e7f349d38a23adae32f387952d15df278d96eb581c3138a59d
updated: 2018-03-15T13:57:12.730643705-03:00
imports:
- name: github.com/arschles/assert
  version: bb58b908265b5931732079df03f2818bf2167ba0
- name: github.com/deis/controller-sdk-go
  version: f683073fdc163104648abfe7cd48370bf2539364
  repo: https://github.com/topfreegames/controller-sdk-go
  vcs: git
  subpackages:
  - api
  - apps
  - appsettings
  - auth
  - builds
  - certs
  - config
  - domains
  - keys
  - perms
  - pkg/time
  - ps
  - releases
  - tls
  - users
  - whitelist
- name: github.com/deis/pkg
  version: ec33e12ba20a86401fdd490488577fddf4b4cbb2
  subpackages:
  - prettyprint
  - time
- name: github.com/docopt/docopt-go
  version: ee0de3bc6815ee19d4a46c7eb90f829db0e014b1
- name: github.com/ghodss/yaml
  version: 0ca9ea5df5451ffdf184b4428c902747c2c11cd7
- name: github.com/goware/urlx
  version: 06d8eeb3ce171b5617a3f8ef24451df26ca971ef
- name: github.com/mattn/go-runewidth
  version: 97311d9f7767e3d6f422ea06661bc2c7a19e8a5d
- name: github.com/olekukonko/tablewriter
  version: 96aac992fc8b1a4c83841a6c3e7178d20d989625
- name: github.com/PuerkitoBio/purell
  version: 1c4bec281e4bbc75b4f4a1bd923bdf1bd989a969
- name: github.com/PuerkitoBio/urlesc
  version: de5bf2ad457846296e2031421a34e2568e304e35
- name: golang.org/x/crypto
  version: 88d0005bf4c3ec17306ecaca4281a8d8efd73e91
  subpackages:
  - ssh/terminal
- name: golang.org/x/net
  version: c2528b2dd8352441850638a8bb678c2ad056fd3e
  subpackages:
  - context
  - idna
- name: golang.org/x/text
  version: d69c40b4be55797923cec7457fac7a244d91a9b6
  subpackages:
  - transform
  - unicode/norm
  - width
- name: gopkg.in/yaml.v2
  version: e4d366fc3c7938e2958e662b4258c7a89e1f0e3e
testImports: []
