hash: 6f345ff375e3e28c69258f3ea8946d392038e74dfd699e2641faf081aed5800a
updated: 2017-09-18T16:06:27.496413803-03:00
imports:
- name: github.com/arschles/assert
  version: bb58b908265b5931732079df03f2818bf2167ba0
- name: github.com/deis/controller-sdk-go
  version: c05d9e3f5c758c2947ca3b772a11aed6e1f283bc
  repo: git@github.com:topfreegames/controller-sdk-go
  vcs: git
  subpackages:
  - api
  - apps
  - appsettings
  - auth
  - builds
  - certs
  - config
  - domains
  - keys
  - perms
  - pkg/time
  - ps
  - releases
  - tls
  - users
  - whitelist
- name: github.com/deis/pkg
  version: ec33e12ba20a86401fdd490488577fddf4b4cbb2
  subpackages:
  - prettyprint
  - time
- name: github.com/docopt/docopt-go
  version: 784ddc588536785e7299f7272f39101f7faccc3f
- name: github.com/goware/urlx
  version: e22571dfbd216d3ca34207d9a1d877f38d8f051c
- name: github.com/mattn/go-runewidth
  version: 97311d9f7767e3d6f422ea06661bc2c7a19e8a5d
- name: github.com/olekukonko/tablewriter
  version: 0fd34425a5aee40ff3f260b34e6c3b0d59f58c66
- name: github.com/PuerkitoBio/purell
  version: fd18e053af8a4ff11039269006e8037ff374ce0e
- name: github.com/PuerkitoBio/urlesc
  version: de5bf2ad457846296e2031421a34e2568e304e35
- name: golang.org/x/crypto
  version: 7d9177d70076375b9a59c8fde23d52d9c4a7ecd5
  subpackages:
  - ssh/terminal
- name: golang.org/x/net
  version: c2528b2dd8352441850638a8bb678c2ad056fd3e
  subpackages:
  - context
  - idna
- name: golang.org/x/sys
  version: 062cd7e4e68206d8bab9b18396626e855c992658
  subpackages:
  - unix
  - windows
- name: golang.org/x/text
  version: 1cbadb444a806fd9430d14ad08967ed91da4fa0a
  subpackages:
  - transform
  - unicode/norm
  - width
- name: gopkg.in/yaml.v2
  version: eb3733d160e74a9c7e442f435eb3bea458e1d19f
testImports: []
